
Microsoft Visual Studio Solution File, Format Version 12.00
# Visual Studio Version 17
VisualStudioVersion = 17.4.33122.133
MinimumVisualStudioVersion = 10.0.40219.1
Project("{9A19103F-16F7-4668-BE54-9A1E7A4F7556}") = "WebApi", "WebApi\WebApi.csproj", "{89CA934D-C940-4672-9730-4A14ACCDA246}"
EndProject
Project("{9A19103F-16F7-4668-BE54-9A1E7A4F7556}") = "DataMigration", "DataMigration\DataMigration.csproj", "{FADDB409-B2B8-4B6F-8BEE-678D203A9EC1}"
EndProject
Project("{9A19103F-16F7-4668-BE54-9A1E7A4F7556}") = "Applications", "Applications\Applications.csproj", "{3FB8E235-9E23-4F5C-9D2F-469F6CE4EA1E}"
EndProject
Project("{9A19103F-16F7-4668-BE54-9A1E7A4F7556}") = "WebApp", "WebApp\WebApp.csproj", "{21D20A4F-8B31-4B86-8E21-09E009E9D5BB}"
EndProject
Project("{9A19103F-16F7-4668-BE54-9A1E7A4F7556}") = "ViewModel", "ViewModel\ViewModel.csproj", "{61D1E89E-2FD9-4B80-8586-DEE271F1AC4B}"
EndProject
Project("{9A19103F-16F7-4668-BE54-9A1E7A4F7556}") = "Utilities", "Utilities\Utilities.csproj", "{87DAF1D9-D552-4C36-874E-D596881ACC62}"
EndProject
Project("{2150E333-8FDC-42A3-9474-1A3956D46DE8}") = "BE", "BE", "{AB9B51ED-8980-45EB-A9DB-0B5EE58DACB6}"
EndProject
Project("{2150E333-8FDC-42A3-9474-1A3956D46DE8}") = "FE", "FE", "{9D9402AE-0BC1-4EDA-B4AF-8B179686513A}"
EndProject
Project("{9A19103F-16F7-4668-BE54-9A1E7A4F7556}") = "CallApi", "CallApi\CallApi.csproj", "{D7681371-D68A-48D4-BF0F-C52850FC95AB}"
EndProject
Project("{2150E333-8FDC-42A3-9474-1A3956D46DE8}") = "Test", "Test", "{EFC05FE6-3A0E-47A7-82E6-157E8AAF4012}"
EndProject
Global
	GlobalSection(SolutionConfigurationPlatforms) = preSolution
		Debug|Any CPU = Debug|Any CPU
		Release|Any CPU = Release|Any CPU
	EndGlobalSection
	GlobalSection(ProjectConfigurationPlatforms) = postSolution
		{89CA934D-C940-4672-9730-4A14ACCDA246}.Debug|Any CPU.ActiveCfg = Debug|Any CPU
		{89CA934D-C940-4672-9730-4A14ACCDA246}.Debug|Any CPU.Build.0 = Debug|Any CPU
		{89CA934D-C940-4672-9730-4A14ACCDA246}.Release|Any CPU.ActiveCfg = Release|Any CPU
		{89CA934D-C940-4672-9730-4A14ACCDA246}.Release|Any CPU.Build.0 = Release|Any CPU
		{FADDB409-B2B8-4B6F-8BEE-678D203A9EC1}.Debug|Any CPU.ActiveCfg = Debug|Any CPU
		{FADDB409-B2B8-4B6F-8BEE-678D203A9EC1}.Debug|Any CPU.Build.0 = Debug|Any CPU
		{FADDB409-B2B8-4B6F-8BEE-678D203A9EC1}.Release|Any CPU.ActiveCfg = Release|Any CPU
		{FADDB409-B2B8-4B6F-8BEE-678D203A9EC1}.Release|Any CPU.Build.0 = Release|Any CPU
		{3FB8E235-9E23-4F5C-9D2F-469F6CE4EA1E}.Debug|Any CPU.ActiveCfg = Debug|Any CPU
		{3FB8E235-9E23-4F5C-9D2F-469F6CE4EA1E}.Debug|Any CPU.Build.0 = Debug|Any CPU
		{3FB8E235-9E23-4F5C-9D2F-469F6CE4EA1E}.Release|Any CPU.ActiveCfg = Release|Any CPU
		{3FB8E235-9E23-4F5C-9D2F-469F6CE4EA1E}.Release|Any CPU.Build.0 = Release|Any CPU
		{21D20A4F-8B31-4B86-8E21-09E009E9D5BB}.Debug|Any CPU.ActiveCfg = Debug|Any CPU
		{21D20A4F-8B31-4B86-8E21-09E009E9D5BB}.Debug|Any CPU.Build.0 = Debug|Any CPU
		{21D20A4F-8B31-4B86-8E21-09E009E9D5BB}.Release|Any CPU.ActiveCfg = Release|Any CPU
		{21D20A4F-8B31-4B86-8E21-09E009E9D5BB}.Release|Any CPU.Build.0 = Release|Any CPU
		{61D1E89E-2FD9-4B80-8586-DEE271F1AC4B}.Debug|Any CPU.ActiveCfg = Debug|Any CPU
		{61D1E89E-2FD9-4B80-8586-DEE271F1AC4B}.Debug|Any CPU.Build.0 = Debug|Any CPU
		{61D1E89E-2FD9-4B80-8586-DEE271F1AC4B}.Release|Any CPU.ActiveCfg = Release|Any CPU
		{61D1E89E-2FD9-4B80-8586-DEE271F1AC4B}.Release|Any CPU.Build.0 = Release|Any CPU
		{87DAF1D9-D552-4C36-874E-D596881ACC62}.Debug|Any CPU.ActiveCfg = Debug|Any CPU
		{87DAF1D9-D552-4C36-874E-D596881ACC62}.Debug|Any CPU.Build.0 = Debug|Any CPU
		{87DAF1D9-D552-4C36-874E-D596881ACC62}.Release|Any CPU.ActiveCfg = Release|Any CPU
		{87DAF1D9-D552-4C36-874E-D596881ACC62}.Release|Any CPU.Build.0 = Release|Any CPU
		{D7681371-D68A-48D4-BF0F-C52850FC95AB}.Debug|Any CPU.ActiveCfg = Debug|Any CPU
		{D7681371-D68A-48D4-BF0F-C52850FC95AB}.Debug|Any CPU.Build.0 = Debug|Any CPU
		{D7681371-D68A-48D4-BF0F-C52850FC95AB}.Release|Any CPU.ActiveCfg = Release|Any CPU
		{D7681371-D68A-48D4-BF0F-C52850FC95AB}.Release|Any CPU.Build.0 = Release|Any CPU
	EndGlobalSection
	GlobalSection(SolutionProperties) = preSolution
		HideSolutionNode = FALSE
	EndGlobalSection
	GlobalSection(NestedProjects) = preSolution
		{89CA934D-C940-4672-9730-4A14ACCDA246} = {AB9B51ED-8980-45EB-A9DB-0B5EE58DACB6}
		{FADDB409-B2B8-4B6F-8BEE-678D203A9EC1} = {AB9B51ED-8980-45EB-A9DB-0B5EE58DACB6}
		{3FB8E235-9E23-4F5C-9D2F-469F6CE4EA1E} = {AB9B51ED-8980-45EB-A9DB-0B5EE58DACB6}
		{21D20A4F-8B31-4B86-8E21-09E009E9D5BB} = {9D9402AE-0BC1-4EDA-B4AF-8B179686513A}
		{61D1E89E-2FD9-4B80-8586-DEE271F1AC4B} = {AB9B51ED-8980-45EB-A9DB-0B5EE58DACB6}
		{87DAF1D9-D552-4C36-874E-D596881ACC62} = {AB9B51ED-8980-45EB-A9DB-0B5EE58DACB6}
		{D7681371-D68A-48D4-BF0F-C52850FC95AB} = {9D9402AE-0BC1-4EDA-B4AF-8B179686513A}
	EndGlobalSection
	GlobalSection(ExtensibilityGlobals) = postSolution
		SolutionGuid = {22D5EC7F-8DA5-4834-AC1B-DEF44FCF20A8}
	EndGlobalSection
EndGlobal
